
Microsoft Visual Studio Solution File, Format Version 12.00
# Visual Studio Version 16
VisualStudioVersion = 16.0.30413.136
MinimumVisualStudioVersion = 10.0.40219.1
Project("{FAE04EC0-301F-11D3-BF4B-00C04F79EFBC}") = "GenericRegistration", "GenericRegistration\GenericRegistration.csproj", "{EAE6F431-4FF8-4BC8-9FED-18A91BC8E0CE}"
EndProject
Global
	GlobalSection(SolutionConfigurationPlatforms) = preSolution
		Debug|Any CPU = Debug|Any CPU
		Release|Any CPU = Release|Any CPU
	EndGlobalSection
	GlobalSection(ProjectConfigurationPlatforms) = postSolution
		{EAE6F431-4FF8-4BC8-9FED-18A91BC8E0CE}.Debug|Any CPU.ActiveCfg = Debug|Any CPU
		{EAE6F431-4FF8-4BC8-9FED-18A91BC8E0CE}.Debug|Any CPU.Build.0 = Debug|Any CPU
		{EAE6F431-4FF8-4BC8-9FED-18A91BC8E0CE}.Release|Any CPU.ActiveCfg = Release|Any CPU
		{EAE6F431-4FF8-4BC8-9FED-18A91BC8E0CE}.Release|Any CPU.Build.0 = Release|Any CPU
	EndGlobalSection
	GlobalSection(SolutionProperties) = preSolution
		HideSolutionNode = FALSE
	EndGlobalSection
	GlobalSection(ExtensibilityGlobals) = postSolution
		SolutionGuid = {6C910C01-37D0-47C3-9136-64CC142A43BF}
	EndGlobalSection
EndGlobal
